<?xml version="1.0" encoding="utf-8"?>
<Project ToolsVersion="4.0" xmlns="http://schemas.microsoft.com/developer/msbuild/2003">
  <ItemGroup>
    <Filter Include="Source Files">
      <UniqueIdentifier>{4FC737F1-C7A5-4376-A066-2A32D752A2FF}</UniqueIdentifier>
      <Extensions>qml;cpp;c;cc;cxx;def;odl;idl;hpj;bat;asm;asmx</Extensions>
    </Filter>
    <Filter Include="Header Files">
      <UniqueIdentifier>{93995380-89BD-4b04-88EB-625FBE52EBFB}</UniqueIdentifier>
      <Extensions>h;hh;hpp;hxx;hm;inl;inc;xsd</Extensions>
    </Filter>
    <Filter Include="Resource Files">
      <UniqueIdentifier>{67DA6AB6-F800-4c08-8B7A-83BB121AAD01}</UniqueIdentifier>
      <Extensions>qrc;rc;ico;cur;bmp;dlg;rc2;rct;bin;rgs;gif;jpg;jpeg;jpe;resx;tiff;tif;png;wav;mfcribbon-ms</Extensions>
    </Filter>
    <Filter Include="Form Files">
      <UniqueIdentifier>{99349809-55BA-4b9d-BF79-8FDBB0286EB3}</UniqueIdentifier>
      <Extensions>ui</Extensions>
    </Filter>
    <Filter Include="Translation Files">
      <UniqueIdentifier>{639EADAA-A684-42e4-A9AD-28FC9BCB8F7C}</UniqueIdentifier>
      <Extensions>ts</Extensions>
    </Filter>
    <Filter Include="Source Files\base">
      <UniqueIdentifier>{f32e3642-cecf-4c57-810c-d322567207ea}</UniqueIdentifier>
    </Filter>
    <Filter Include="ui">
      <UniqueIdentifier>{fb7b0fd3-0d0f-47f3-b5aa-313682934281}</UniqueIdentifier>
    </Filter>
    <Filter Include="function">
      <UniqueIdentifier>{fa2ea3b6-dac6-4236-ab27-b4bc3b98ee85}</UniqueIdentifier>
    </Filter>
    <Filter Include="widget">
      <UniqueIdentifier>{3aad0800-0b6e-4e60-903b-6928016a951d}</UniqueIdentifier>
    </Filter>
    <Filter Include="widget\chat">
      <UniqueIdentifier>{3d1ef630-c967-4d8c-942d-5478a057cdd2}</UniqueIdentifier>
    </Filter>
    <Filter Include="widget\Speech">
      <UniqueIdentifier>{28c1580d-d3b9-44d2-a0da-d995df5a3b31}</UniqueIdentifier>
    </Filter>
    <Filter Include="widget\Setting">
      <UniqueIdentifier>{9bff6c5f-5528-418d-bcd9-7f67a9c08805}</UniqueIdentifier>
    </Filter>
    <Filter Include="widget\login">
      <UniqueIdentifier>{aaf6f584-e602-473c-b96f-8eb2865b5bdd}</UniqueIdentifier>
    </Filter>
    <Filter Include="widget\model">
      <UniqueIdentifier>{71048aac-333c-4f91-bd7b-53c7d3cf1dbd}</UniqueIdentifier>
    </Filter>
    <Filter Include="widget\Tanslation">
      <UniqueIdentifier>{79d20e47-5335-49aa-aaaf-1b989890bdf2}</UniqueIdentifier>
    </Filter>
    <Filter Include="widget\Setting\ChatBot">
      <UniqueIdentifier>{f5aa1919-5524-495e-b8f8-e28eec8c58d8}</UniqueIdentifier>
    </Filter>
    <Filter Include="widget\Setting\SoundBot">
      <UniqueIdentifier>{dcf21d1c-3a69-4eea-b759-1ebdd77da362}</UniqueIdentifier>
    </Filter>
    <Filter Include="function\Bussiness">
      <UniqueIdentifier>{a6085f38-79f9-4e5a-974a-53d5225df5b4}</UniqueIdentifier>
    </Filter>
  </ItemGroup>
  <ItemGroup>
    <QtRcc Include="AiSound.qrc">
      <Filter>Resource Files</Filter>
    </QtRcc>
  </ItemGroup>
  <ItemGroup>
    <ClCompile Include="main.cpp">
      <Filter>Source Files</Filter>
    </ClCompile>
    <ClCompile Include="model\FrameLessWidget.cpp">
      <Filter>widget\model</Filter>
    </ClCompile>
    <ClCompile Include="base\HttpClient.cpp">
      <Filter>Source Files\base</Filter>
    </ClCompile>
    <ClCompile Include="widget\WButton.cpp">
      <Filter>widget</Filter>
    </ClCompile>
    <ClCompile Include="widget\WCheckBox.cpp">
      <Filter>widget</Filter>
    </ClCompile>
    <ClCompile Include="widget\WClickedLabel.cpp">
      <Filter>widget</Filter>
    </ClCompile>
    <ClCompile Include="widget\WComboBox.cpp">
      <Filter>widget</Filter>
    </ClCompile>
    <ClCompile Include="widget\WCommonEdit.cpp">
      <Filter>widget</Filter>
    </ClCompile>
    <ClCompile Include="widget\WCommonWidget.cpp">
      <Filter>widget</Filter>
    </ClCompile>
    <ClCompile Include="widget\WDropDownList.cpp">
      <Filter>widget</Filter>
    </ClCompile>
    <ClCompile Include="widget\WScrollBar.cpp">
      <Filter>widget</Filter>
    </ClCompile>
    <ClCompile Include="widget\WSubtitle.cpp">
      <Filter>widget</Filter>
    </ClCompile>
    <ClCompile Include="widget\WTip.cpp">
      <Filter>widget</Filter>
    </ClCompile>
    <ClCompile Include="widget\WUserNameLogin.cpp">
      <Filter>widget</Filter>
    </ClCompile>
    <ClCompile Include="widget\WVerificationCode.cpp">
      <Filter>widget</Filter>
    </ClCompile>
    <ClCompile Include="function\AiSound.cpp">
      <Filter>function</Filter>
    </ClCompile>
    <ClCompile Include="function\AudioInput.cpp">
      <Filter>function</Filter>
    </ClCompile>
    <ClCompile Include="function\VoiceCompositor.cpp">
      <Filter>function</Filter>
    </ClCompile>
    <ClCompile Include="widget\Speech\WSpeechGenerationUi.cpp">
      <Filter>widget\Speech</Filter>
    </ClCompile>
    <ClCompile Include="widget\Speech\ComboxItem.cpp">
      <Filter>widget\Speech</Filter>
    </ClCompile>
    <ClCompile Include="widget\chat\WChatDesc.cpp">
      <Filter>widget\chat</Filter>
    </ClCompile>
    <ClCompile Include="widget\chat\WChatItem.cpp">
      <Filter>widget\chat</Filter>
    </ClCompile>
    <ClCompile Include="widget\chat\WRobotChat.cpp">
      <Filter>widget\chat</Filter>
    </ClCompile>
    <ClCompile Include="widget\chat\WRobotChatMainUI.cpp">
      <Filter>widget\chat</Filter>
    </ClCompile>
    <ClCompile Include="widget\Setting\WSettingMainUi.cpp">
      <Filter>widget\Setting</Filter>
    </ClCompile>
    <ClCompile Include="widget\model\WNavbarButton.cpp">
      <Filter>widget\model</Filter>
    </ClCompile>
    <ClCompile Include="widget\login\WLoginUI.cpp">
      <Filter>widget\login</Filter>
    </ClCompile>
    <ClCompile Include="widget\login\WLoginMainUi.cpp">
      <Filter>widget\login</Filter>
    </ClCompile>
    <ClCompile Include="widget\Setting\WAccountPage.cpp">
      <Filter>widget\Setting</Filter>
    </ClCompile>
    <ClCompile Include="widget\Setting\WSettingSelectWidget.cpp">
      <Filter>widget\Setting</Filter>
    </ClCompile>
    <ClCompile Include="widget\login\UserLogin.cpp">
      <Filter>widget\login</Filter>
    </ClCompile>
    <ClCompile Include="WRobotNavigation.cpp">
      <Filter>Source Files</Filter>
    </ClCompile>
    <ClCompile Include="WRobotSettingMenu.cpp">
      <Filter>Source Files</Filter>
    </ClCompile>
    <ClCompile Include="function\Translation.cpp">
      <Filter>function</Filter>
    </ClCompile>
    <ClCompile Include="widget\WTransaltionMain.cpp">
      <Filter>widget\Tanslation</Filter>
    </ClCompile>
    <ClCompile Include="widget\WTranslationSelect.cpp">
      <Filter>widget\Tanslation</Filter>
    </ClCompile>
    <ClCompile Include="function\ChatBot.cpp">
      <Filter>function</Filter>
    </ClCompile>
    <ClCompile Include="base\GlobalSetting.cpp">
      <Filter>Source Files\base</Filter>
    </ClCompile>
    <ClCompile Include="widget\Setting\WGerenalPage.cpp">
      <Filter>widget\Setting</Filter>
    </ClCompile>
    <ClCompile Include="function\AudioOutput.cpp">
      <Filter>function</Filter>
    </ClCompile>
    <ClCompile Include="widget\Setting\ChatBot\WLibarary.cpp">
      <Filter>widget\Setting\ChatBot</Filter>
    </ClCompile>
    <ClCompile Include="widget\Setting\ChatBot\WChatBotMainUI.cpp">
      <Filter>widget\Setting\ChatBot</Filter>
    </ClCompile>
    <ClCompile Include="widget\Setting\ChatBot\WHistoryPage.cpp">
      <Filter>widget\Setting\ChatBot</Filter>
    </ClCompile>
    <ClCompile Include="widget\Setting\SoundBot\WSoundBotMainUi.cpp">
      <Filter>widget\Setting\SoundBot</Filter>
    </ClCompile>
    <ClCompile Include="widget\Setting\WRobotPage.cpp">
      <Filter>widget\Setting</Filter>
    </ClCompile>
    <ClCompile Include="widget\Setting\WInvitePage.cpp">
      <Filter>widget\Setting</Filter>
    </ClCompile>
    <ClCompile Include="widget\Setting\SoundBot\WSoundSourcePage.cpp">
      <Filter>widget\Setting\SoundBot</Filter>
    </ClCompile>
    <ClCompile Include="widget\Setting\SoundBot\WTranslationPage.cpp">
      <Filter>widget\Setting\SoundBot</Filter>
    </ClCompile>
    <ClCompile Include="widget\Setting\SoundBot\WVoiceLibPage.cpp">
      <Filter>widget\Setting\SoundBot</Filter>
    </ClCompile>
    <ClCompile Include="widget\Setting\SoundBot\WVoicelibWidget.cpp">
      <Filter>widget\Setting\SoundBot</Filter>
    </ClCompile>
    <ClCompile Include="widget\Setting\SoundBot\WMyVoicePage.cpp">
      <Filter>widget\Setting\SoundBot</Filter>
    </ClCompile>
    <ClCompile Include="widget\Setting\SoundBot\WSpeechSysPage.cpp">
      <Filter>widget\Setting\SoundBot</Filter>
    </ClCompile>
    <ClCompile Include="widget\Setting\SoundBot\WHistoryDiaPage.cpp">
      <Filter>widget\Setting\SoundBot</Filter>
    </ClCompile>
    <ClCompile Include="widget\Setting\SoundBot\WMyVoiceModel.cpp">
      <Filter>widget\Setting\SoundBot</Filter>
    </ClCompile>
    <ClCompile Include="function\Bussiness\SettingInterfaceBussiness.cpp">
      <Filter>function\Bussiness</Filter>
    </ClCompile>
    <ClCompile Include="function\HttpAsync.cpp">
      <Filter>function</Filter>
    </ClCompile>
    <ClCompile Include="function\Bussiness\teamListModel.cpp">
      <Filter>function\Bussiness</Filter>
    </ClCompile>
    <ClCompile Include="widget\Setting\WTeamDelegate.cpp">
      <Filter>widget\Setting</Filter>
    </ClCompile>
    <ClCompile Include="widget\model\WPageCtlWidget.cpp">
      <Filter>widget\model</Filter>
    </ClCompile>
    <ClCompile Include="widget\model\WLabelButton.cpp">
      <Filter>widget\model</Filter>
    </ClCompile>
    <ClCompile Include="widget\model\WLibModelWidget.cpp">
      <Filter>widget\model</Filter>
    </ClCompile>
    <ClCompile Include="function\Bussiness\historyListModel.cpp">
      <Filter>function\Bussiness</Filter>
    </ClCompile>
    <ClCompile Include="widget\Setting\WChatHistoryDelegate.cpp">
      <Filter>widget\Setting</Filter>
    </ClCompile>
    <ClCompile Include="widget\Setting\SoundBot\WSoundLine.cpp">
      <Filter>widget\Setting\SoundBot</Filter>
    </ClCompile>
    <ClCompile Include="function\Bussiness\soundHistoryModel.cpp">
      <Filter>function\Bussiness</Filter>
    </ClCompile>
    <ClCompile Include="widget\WLogin.cpp">
      <Filter>widget\login</Filter>
    </ClCompile>
    <ClCompile Include="widget\WLoginFrame.cpp">
      <Filter>widget\login</Filter>
    </ClCompile>
    <ClCompile Include="widget\WLoginOpt.cpp">
      <Filter>widget\login</Filter>
    </ClCompile>
    <ClCompile Include="widget\WMobileLogin.cpp">
      <Filter>widget\login</Filter>
    </ClCompile>
    <ClCompile Include="widget\WLoginSwitch.cpp">
      <Filter>widget\login</Filter>
    </ClCompile>
    <ClCompile Include="widget\WRegister.cpp">
      <Filter>widget\login</Filter>
    </ClCompile>
    <ClCompile Include="widget\WTranslationPlayBtn.cpp">
      <Filter>widget\Tanslation</Filter>
    </ClCompile>
    <ClCompile Include="widget\WTranslationTimer.cpp">
      <Filter>widget\Tanslation</Filter>
    </ClCompile>
  </ItemGroup>
  <ItemGroup>
    <QtUic Include="ui\frame.ui">
      <Filter>ui</Filter>
    </QtUic>
    <QtUic Include="ui\login.ui">
      <Filter>ui</Filter>
    </QtUic>
    <QtUic Include="ui\loginMainFrame.ui">
      <Filter>ui</Filter>
    </QtUic>
    <QtUic Include="ui\loginOpt.ui">
      <Filter>ui</Filter>
    </QtUic>
    <QtUic Include="ui\mobileLogin.ui">
      <Filter>ui</Filter>
    </QtUic>
    <QtUic Include="ui\signUp.ui">
      <Filter>ui</Filter>
    </QtUic>
    <QtUic Include="ui\TranslateMain.ui">
      <Filter>ui</Filter>
    </QtUic>
    <QtUic Include="ui\translateSelect.ui">
      <Filter>ui</Filter>
    </QtUic>
    <QtUic Include="ui\userNameLogin.ui">
      <Filter>ui</Filter>
    </QtUic>
    <QtUic Include="ui\verifyCode.ui">
      <Filter>ui</Filter>
    </QtUic>
    <QtUic Include="ui\verifyPhone.ui">
      <Filter>ui</Filter>
    </QtUic>
    <QtUic Include="ui\WSpeechGenerationUi.ui">
      <Filter>ui</Filter>
    </QtUic>
    <QtUic Include="widget\chat\WChatDesc.ui">
      <Filter>ui</Filter>
    </QtUic>
    <QtUic Include="widget\chat\WRobotChat.ui">
      <Filter>ui</Filter>
    </QtUic>
    <QtUic Include="widget\chat\WRobotChatMainUI.ui">
      <Filter>ui</Filter>
    </QtUic>
    <QtUic Include="widget\login\UserLogin.ui">
      <Filter>Form Files</Filter>
    </QtUic>
    <QtUic Include="widget\login\WLoginMainUi.ui">
      <Filter>Form Files</Filter>
    </QtUic>
    <QtUic Include="widget\login\WLoginUI.ui">
      <Filter>Form Files</Filter>
    </QtUic>
    <QtUic Include="widget\Setting\WAccountPage.ui">
      <Filter>Form Files</Filter>
    </QtUic>
    <QtUic Include="widget\Setting\WSettingMainUi.ui">
      <Filter>Form Files</Filter>
    </QtUic>
    <QtUic Include="widget\Setting\WSettingSelectWidget.ui">
      <Filter>Form Files</Filter>
    </QtUic>
    <QtUic Include="WRobotNavigation.ui">
      <Filter>Form Files</Filter>
    </QtUic>
    <QtUic Include="WRobotSettingMenu.ui">
      <Filter>Form Files</Filter>
    </QtUic>
    <QtUic Include="widget\Setting\WGerenalPage.ui">
      <Filter>widget\Setting</Filter>
    </QtUic>
    <QtUic Include="widget\Setting\ChatBot\WChatBotMainUI.ui">
      <Filter>Form Files</Filter>
    </QtUic>
    <QtUic Include="widget\Setting\ChatBot\WLibarary.ui">
      <Filter>Form Files</Filter>
    </QtUic>
    <QtUic Include="widget\Setting\WInvitePage.ui">
      <Filter>Form Files</Filter>
    </QtUic>
    <QtUic Include="widget\Setting\WRobotPage.ui">
      <Filter>Form Files</Filter>
    </QtUic>
    <QtUic Include="widget\Setting\ChatBot\WHistoryPage.ui">
      <Filter>widget\Setting\ChatBot</Filter>
    </QtUic>
    <QtUic Include="widget\Setting\SoundBot\WSoundBotMainUi.ui">
      <Filter>Form Files</Filter>
    </QtUic>
    <QtUic Include="widget\Setting\SoundBot\WSoundSourcePage.ui">
      <Filter>widget\Setting\SoundBot</Filter>
    </QtUic>
    <QtUic Include="widget\Setting\SoundBot\WTranslationPage.ui">
      <Filter>widget\Setting\SoundBot</Filter>
    </QtUic>
    <QtUic Include="widget\Setting\SoundBot\WVoiceLibPage.ui">
      <Filter>widget\Setting\SoundBot</Filter>
    </QtUic>
    <QtUic Include="widget\Setting\SoundBot\WVoicelibWidget.ui">
      <Filter>widget\Setting\SoundBot</Filter>
    </QtUic>
    <QtUic Include="widget\Setting\SoundBot\WMyVoicePage.ui">
      <Filter>widget\Setting\SoundBot</Filter>
    </QtUic>
    <QtUic Include="widget\Setting\SoundBot\WSpeechSysPage.ui">
      <Filter>widget\Setting\SoundBot</Filter>
    </QtUic>
    <QtUic Include="widget\Setting\SoundBot\WHistoryDiaPage.ui">
      <Filter>widget\Setting\SoundBot</Filter>
    </QtUic>
    <QtUic Include="widget\Setting\SoundBot\WMyVoiceModel.ui">
      <Filter>widget\Setting\SoundBot</Filter>
    </QtUic>
    <QtUic Include="widget\model\WPageCtlWidget.ui">
      <Filter>widget\model</Filter>
    </QtUic>
    <QtUic Include="widget\model\WLibModelWidget.ui">
      <Filter>widget\model</Filter>
    </QtUic>
  </ItemGroup>
  <ItemGroup>
    <QtMoc Include="model\FrameLessWidget.h">
      <Filter>widget\model</Filter>
    </QtMoc>
    <QtMoc Include="widget\WButton.h">
      <Filter>widget</Filter>
    </QtMoc>
    <QtMoc Include="widget\WCheckBox.h">
      <Filter>widget</Filter>
    </QtMoc>
    <QtMoc Include="widget\WClickedLabel.h">
      <Filter>widget</Filter>
    </QtMoc>
    <QtMoc Include="widget\WComboBox.h">
      <Filter>widget</Filter>
    </QtMoc>
    <QtMoc Include="widget\WCommonEdit.h">
      <Filter>widget</Filter>
    </QtMoc>
    <QtMoc Include="widget\WCommonWidget.h">
      <Filter>widget</Filter>
    </QtMoc>
    <QtMoc Include="widget\WDropDownList.h">
      <Filter>widget</Filter>
    </QtMoc>
    <QtMoc Include="widget\WScrollBar.h">
      <Filter>widget</Filter>
    </QtMoc>
    <QtMoc Include="widget\WSubtitle.h">
      <Filter>widget</Filter>
    </QtMoc>
    <QtMoc Include="widget\WTip.h">
      <Filter>widget</Filter>
    </QtMoc>
    <QtMoc Include="widget\WUserNameLogin.h">
      <Filter>widget</Filter>
    </QtMoc>
    <QtMoc Include="widget\WVerificationCode.h">
      <Filter>widget</Filter>
    </QtMoc>
    <QtMoc Include="function\AiSound.h">
      <Filter>function</Filter>
    </QtMoc>
    <QtMoc Include="function\AudioInput.h">
      <Filter>function</Filter>
    </QtMoc>
    <QtMoc Include="function\VoiceCompositor.h">
      <Filter>function</Filter>
    </QtMoc>
    <QtMoc Include="widget\Speech\WSpeechGenerationUi.h">
      <Filter>widget\Speech</Filter>
    </QtMoc>
    <QtMoc Include="widget\Speech\ComboxItem.h">
      <Filter>widget\Speech</Filter>
    </QtMoc>
    <QtMoc Include="widget\chat\WChatDesc.h">
      <Filter>widget\chat</Filter>
    </QtMoc>
    <QtMoc Include="widget\chat\WChatItem.h">
      <Filter>widget\chat</Filter>
    </QtMoc>
    <QtMoc Include="widget\chat\WRobotChat.h">
      <Filter>widget\chat</Filter>
    </QtMoc>
    <QtMoc Include="widget\chat\WRobotChatMainUI.h">
      <Filter>widget\chat</Filter>
    </QtMoc>
    <QtMoc Include="widget\login\UserLogin.h">
      <Filter>Header Files</Filter>
    </QtMoc>
    <QtMoc Include="widget\login\WLoginUI.h">
      <Filter>Header Files</Filter>
    </QtMoc>
    <QtMoc Include="widget\login\WLoginMainUi.h">
      <Filter>Header Files</Filter>
    </QtMoc>
    <QtMoc Include="widget\Setting\WAccountPage.h">
      <Filter>Header Files</Filter>
    </QtMoc>
    <QtMoc Include="widget\model\WNavbarButton.h">
      <Filter>Header Files</Filter>
    </QtMoc>
    <QtMoc Include="widget\Setting\WSettingSelectWidget.h">
      <Filter>Header Files</Filter>
    </QtMoc>
    <QtMoc Include="widget\Setting\WSettingMainUi.h">
      <Filter>Header Files</Filter>
    </QtMoc>
    <QtMoc Include="WRobotNavigation.h">
      <Filter>Source Files</Filter>
    </QtMoc>
    <QtMoc Include="WRobotSettingMenu.h">
      <Filter>Source Files</Filter>
    </QtMoc>
    <QtMoc Include="function\Translation.h">
      <Filter>function</Filter>
    </QtMoc>
    <QtMoc Include="function\ChatBot.h">
      <Filter>function</Filter>
    </QtMoc>
    <QtMoc Include="widget\WTransaltionMain.h">
      <Filter>widget\Tanslation</Filter>
    </QtMoc>
    <QtMoc Include="widget\WTranslationSelect.h">
      <Filter>widget\Tanslation</Filter>
    </QtMoc>
    <QtMoc Include="function\ChatBot.h">
      <Filter>function</Filter>
    </QtMoc>
    <QtMoc Include="widget\Setting\WGerenalPage.h">
      <Filter>widget\Setting</Filter>
    </QtMoc>
    <QtMoc Include="widget\Setting\ChatBot\WChatBotMainUI.h">
      <Filter>Header Files</Filter>
    </QtMoc>
    <QtMoc Include="widget\Setting\ChatBot\WLibarary.h">
      <Filter>Header Files</Filter>
    </QtMoc>
    <QtMoc Include="widget\Setting\WRobotPage.h">
      <Filter>Header Files</Filter>
    </QtMoc>
    <QtMoc Include="widget\Setting\WInvitePage.h">
      <Filter>Header Files</Filter>
    </QtMoc>
    <QtMoc Include="function\AudioOutput.h">
      <Filter>function</Filter>
    </QtMoc>
    <QtMoc Include="widget\Setting\ChatBot\WHistoryPage.h">
      <Filter>widget\Setting\ChatBot</Filter>
    </QtMoc>
    <QtMoc Include="widget\Setting\SoundBot\WSoundBotMainUi.h">
      <Filter>Header Files</Filter>
    </QtMoc>
    <QtMoc Include="widget\Setting\SoundBot\WSoundSourcePage.h">
      <Filter>widget\Setting\SoundBot</Filter>
    </QtMoc>
    <QtMoc Include="widget\Setting\SoundBot\WTranslationPage.h">
      <Filter>widget\Setting\SoundBot</Filter>
    </QtMoc>
    <QtMoc Include="widget\Setting\SoundBot\WVoiceLibPage.h">
      <Filter>widget\Setting\SoundBot</Filter>
    </QtMoc>
    <QtMoc Include="widget\Setting\SoundBot\WVoicelibWidget.h">
      <Filter>widget\Setting\SoundBot</Filter>
    </QtMoc>
    <QtMoc Include="widget\Setting\SoundBot\WMyVoicePage.h">
      <Filter>widget\Setting\SoundBot</Filter>
    </QtMoc>
    <QtMoc Include="widget\Setting\SoundBot\WSpeechSysPage.h">
      <Filter>widget\Setting\SoundBot</Filter>
    </QtMoc>
    <QtMoc Include="widget\Setting\SoundBot\WHistoryDiaPage.h">
      <Filter>widget\Setting\SoundBot</Filter>
    </QtMoc>
    <QtMoc Include="widget\Setting\SoundBot\WMyVoiceModel.h">
      <Filter>widget\Setting\SoundBot</Filter>
    </QtMoc>
    <QtMoc Include="function\Bussiness\SettingInterfaceBussiness.h">
      <Filter>function\Bussiness</Filter>
    </QtMoc>
    <QtMoc Include="function\HttpAsync.h">
      <Filter>function</Filter>
    </QtMoc>
    <QtMoc Include="function\Bussiness\teamListModel.h">
      <Filter>function\Bussiness</Filter>
    </QtMoc>
    <QtMoc Include="widget\Setting\WTeamDelegate.h">
      <Filter>widget\Setting</Filter>
    </QtMoc>
    <QtMoc Include="widget\model\WPageCtlWidget.h">
      <Filter>widget\model</Filter>
    </QtMoc>
    <QtMoc Include="widget\model\WLabelButton.h">
      <Filter>widget\model</Filter>
    </QtMoc>
    <QtMoc Include="widget\model\WLibModelWidget.h">
      <Filter>widget\model</Filter>
    </QtMoc>
    <QtMoc Include="function\Bussiness\historyListModel.h">
      <Filter>function\Bussiness</Filter>
    </QtMoc>
    <QtMoc Include="widget\Setting\WChatHistoryDelegate.h">
      <Filter>widget\Setting</Filter>
    </QtMoc>
    <QtMoc Include="widget\Setting\SoundBot\WSoundLine.h">
      <Filter>widget\Setting\SoundBot</Filter>
    </QtMoc>
    <QtMoc Include="function\Bussiness\soundHistoryModel.h">
      <Filter>function\Bussiness</Filter>
    </QtMoc>
    <QtMoc Include="widget\WLoginFrame.h">
      <Filter>widget\login</Filter>
    </QtMoc>
    <QtMoc Include="widget\WMobileLogin.h">
      <Filter>widget\login</Filter>
    </QtMoc>
    <QtMoc Include="widget\WLoginSwitch.h">
      <Filter>widget\login</Filter>
    </QtMoc>
    <QtMoc Include="widget\WLoginOpt.h">
      <Filter>widget\login</Filter>
    </QtMoc>
    <QtMoc Include="widget\WLogin.h">
      <Filter>widget\login</Filter>
    </QtMoc>
    <QtMoc Include="widget\WRegister.h">
      <Filter>widget\login</Filter>
    </QtMoc>
    <QtMoc Include="widget\WTranslationPlayBtn.h">
      <Filter>widget\Tanslation</Filter>
    </QtMoc>
    <QtMoc Include="widget\WTranslationTimer.h">
      <Filter>widget\Tanslation</Filter>
    </QtMoc>
  </ItemGroup>
  <ItemGroup>
    <ClInclude Include="base\HttpClient.h">
      <Filter>Source Files\base</Filter>
    </ClInclude>
    <ClInclude Include="base\httplib.h">
      <Filter>Source Files\base</Filter>
    </ClInclude>
    <ClInclude Include="function\VoiceType.h">
      <Filter>function</Filter>
    </ClInclude>
    <ClInclude Include="base\GlobalSetting.h">
      <Filter>Source Files\base</Filter>
    </ClInclude>
    <ClInclude Include="function\Bussiness\Define.h">
      <Filter>function\Bussiness</Filter>
    </ClInclude>
  </ItemGroup>
  <ItemGroup>
    <QtTranslation Include="ts\zh_CN.ts">
      <Filter>Translation Files</Filter>
    </QtTranslation>
    <QtTranslation Include="ts\en.ts">
      <Filter>Translation Files</Filter>
    </QtTranslation>
  </ItemGroup>
  <ItemGroup>
    <None Include="en.qm">
      <Filter>Translation Files</Filter>
    </None>
    <None Include="zh_CN.qm">
      <Filter>Translation Files</Filter>
    </None>
  </ItemGroup>
</Project>